// !$*UTF8*$!
{
	archiveVersion = 1;
	classes = {
	};
	objectVersion = 50;
	objects = {

/* Begin PBXBuildFile section */
		012D98B02108F28F002EF9F3 /* AppDelegate.swift in Sources */ = {isa = PBXBuildFile; fileRef = 012D98AF2108F28F002EF9F3 /* AppDelegate.swift */; };
		012D98B22108F28F002EF9F3 /* MasterViewController.swift in Sources */ = {isa = PBXBuildFile; fileRef = 012D98B12108F28F002EF9F3 /* MasterViewController.swift */; };
		012D98B42108F28F002EF9F3 /* DetailViewController.swift in Sources */ = {isa = PBXBuildFile; fileRef = 012D98B32108F28F002EF9F3 /* DetailViewController.swift */; };
		012D98B72108F28F002EF9F3 /* Main.storyboard in Resources */ = {isa = PBXBuildFile; fileRef = 012D98B52108F28F002EF9F3 /* Main.storyboard */; };
		012D98B92108F290002EF9F3 /* Assets.xcassets in Resources */ = {isa = PBXBuildFile; fileRef = 012D98B82108F290002EF9F3 /* Assets.xcassets */; };
		012D98BC2108F290002EF9F3 /* LaunchScreen.storyboard in Resources */ = {isa = PBXBuildFile; fileRef = 012D98BA2108F290002EF9F3 /* LaunchScreen.storyboard */; };
		012D98C42108F38B002EF9F3 /* GoogleAdView.swift in Sources */ = {isa = PBXBuildFile; fileRef = 012D98C32108F38B002EF9F3 /* GoogleAdView.swift */; };
		012D98C82108F421002EF9F3 /* GoogleMobileAds.framework in Frameworks */ = {isa = PBXBuildFile; fileRef = 012D98C62108F421002EF9F3 /* GoogleMobileAds.framework */; };
		012D98C92108F421002EF9F3 /* README.txt in Resources */ = {isa = PBXBuildFile; fileRef = 012D98C72108F421002EF9F3 /* README.txt */; };
/* End PBXBuildFile section */

/* Begin PBXFileReference section */
		012D98AC2108F28F002EF9F3 /* GoogleAdsDemo.app */ = {isa = PBXFileReference; explicitFileType = wrapper.application; includeInIndex = 0; path = GoogleAdsDemo.app; sourceTree = BUILT_PRODUCTS_DIR; };
		012D98AF2108F28F002EF9F3 /* AppDelegate.swift */ = {isa = PBXFileReference; lastKnownFileType = sourcecode.swift; path = AppDelegate.swift; sourceTree = "<group>"; };
		012D98B12108F28F002EF9F3 /* MasterViewController.swift */ = {isa = PBXFileReference; lastKnownFileType = sourcecode.swift; path = MasterViewController.swift; sourceTree = "<group>"; };
		012D98B32108F28F002EF9F3 /* DetailViewController.swift */ = {isa = PBXFileReference; lastKnownFileType = sourcecode.swift; path = DetailViewController.swift; sourceTree = "<group>"; };
		012D98B62108F28F002EF9F3 /* Base */ = {isa = PBXFileReference; lastKnownFileType = file.storyboard; name = Base; path = Base.lproj/Main.storyboard; sourceTree = "<group>"; };
		012D98B82108F290002EF9F3 /* Assets.xcassets */ = {isa = PBXFileReference; lastKnownFileType = folder.assetcatalog; path = Assets.xcassets; sourceTree = "<group>"; };
		012D98BB2108F290002EF9F3 /* Base */ = {isa = PBXFileReference; lastKnownFileType = file.storyboard; name = Base; path = Base.lproj/LaunchScreen.storyboard; sourceTree = "<group>"; };
		012D98BD2108F290002EF9F3 /* Info.plist */ = {isa = PBXFileReference; lastKnownFileType = text.plist.xml; path = Info.plist; sourceTree = "<group>"; };
		012D98C32108F38B002EF9F3 /* GoogleAdView.swift */ = {isa = PBXFileReference; fileEncoding = 4; lastKnownFileType = sourcecode.swift; path = GoogleAdView.swift; sourceTree = "<group>"; };
		012D98C62108F421002EF9F3 /* GoogleMobileAds.framework */ = {isa = PBXFileReference; lastKnownFileType = wrapper.framework; path = GoogleMobileAds.framework; sourceTree = "<group>"; };
		012D98C72108F421002EF9F3 /* README.txt */ = {isa = PBXFileReference; fileEncoding = 4; lastKnownFileType = text; path = README.txt; sourceTree = "<group>"; };
/* End PBXFileReference section */

/* Begin PBXFrameworksBuildPhase section */
		012D98A92108F28F002EF9F3 /* Frameworks */ = {
			isa = PBXFrameworksBuildPhase;
			buildActionMask = 2147483647;
			files = (
				012D98C82108F421002EF9F3 /* GoogleMobileAds.framework in Frameworks */,
			);
			runOnlyForDeploymentPostprocessing = 0;
		};
/* End PBXFrameworksBuildPhase section */

/* Begin PBXGroup section */
		012D98A32108F28F002EF9F3 = {
			isa = PBXGroup;
			children = (
				012D98AE2108F28F002EF9F3 /* GoogleAdsDemo */,
				012D98AD2108F28F002EF9F3 /* Products */,
			);
			sourceTree = "<group>";
		};
		012D98AD2108F28F002EF9F3 /* Products */ = {
			isa = PBXGroup;
			children = (
				012D98AC2108F28F002EF9F3 /* GoogleAdsDemo.app */,
			);
			name = Products;
			sourceTree = "<group>";
		};
		012D98AE2108F28F002EF9F3 /* GoogleAdsDemo */ = {
			isa = PBXGroup;
			children = (
				012D98C52108F421002EF9F3 /* GoogleMobileAdsSdkiOS-7.31.0 */,
				012D98AF2108F28F002EF9F3 /* AppDelegate.swift */,
				012D98B12108F28F002EF9F3 /* MasterViewController.swift */,
				012D98B32108F28F002EF9F3 /* DetailViewController.swift */,
				012D98C32108F38B002EF9F3 /* GoogleAdView.swift */,
				012D98B52108F28F002EF9F3 /* Main.storyboard */,
				012D98B82108F290002EF9F3 /* Assets.xcassets */,
				012D98BA2108F290002EF9F3 /* LaunchScreen.storyboard */,
				012D98BD2108F290002EF9F3 /* Info.plist */,
			);
			path = GoogleAdsDemo;
			sourceTree = "<group>";
		};
		012D98C52108F421002EF9F3 /* GoogleMobileAdsSdkiOS-7.31.0 */ = {
			isa = PBXGroup;
			children = (
				012D98C62108F421002EF9F3 /* GoogleMobileAds.framework */,
				012D98C72108F421002EF9F3 /* README.txt */,
			);
			path = "GoogleMobileAdsSdkiOS-7.31.0";
			sourceTree = "<group>";
		};
/* End PBXGroup section */

/* Begin PBXNativeTarget section */
		012D98AB2108F28F002EF9F3 /* GoogleAdsDemo */ = {
			isa = PBXNativeTarget;
			buildConfigurationList = 012D98C02108F290002EF9F3 /* Build configuration list for PBXNativeTarget "GoogleAdsDemo" */;
			buildPhases = (
				012D98A82108F28F002EF9F3 /* Sources */,
				012D98A92108F28F002EF9F3 /* Frameworks */,
				012D98AA2108F28F002EF9F3 /* Resources */,
			);
			buildRules = (
			);
			dependencies = (
			);
			name = GoogleAdsDemo;
			productName = GoogleAdsDemo;
			productReference = 012D98AC2108F28F002EF9F3 /* GoogleAdsDemo.app */;
			productType = "com.apple.product-type.application";
		};
/* End PBXNativeTarget section */

/* Begin PBXProject section */
		012D98A42108F28F002EF9F3 /* Project object */ = {
			isa = PBXProject;
			attributes = {
				LastSwiftUpdateCheck = 0940;
				LastUpgradeCheck = 0940;
				ORGANIZATIONNAME = "Anita Agrawal";
				TargetAttributes = {
					012D98AB2108F28F002EF9F3 = {
						CreatedOnToolsVersion = 9.4.1;
					};
				};
			};
			buildConfigurationList = 012D98A72108F28F002EF9F3 /* Build configuration list for PBXProject "GoogleAdsDemo" */;
			compatibilityVersion = "Xcode 9.3";
			developmentRegion = en;
			hasScannedForEncodings = 0;
			knownRegions = (
				en,
				Base,
			);
			mainGroup = 012D98A32108F28F002EF9F3;
			productRefGroup = 012D98AD2108F28F002EF9F3 /* Products */;
			projectDirPath = "";
			projectRoot = "";
			targets = (
				012D98AB2108F28F002EF9F3 /* GoogleAdsDemo */,
			);
		};
/* End PBXProject section */

/* Begin PBXResourcesBuildPhase section */
		012D98AA2108F28F002EF9F3 /* Resources */ = {
			isa = PBXResourcesBuildPhase;
			buildActionMask = 2147483647;
			files = (
				012D98BC2108F290002EF9F3 /* LaunchScreen.storyboard in Resources */,
				012D98B92108F290002EF9F3 /* Assets.xcassets in Resources */,
				012D98C92108F421002EF9F3 /* README.txt in Resources */,
				012D98B72108F28F002EF9F3 /* Main.storyboard in Resources */,
			);
			runOnlyForDeploymentPostprocessing = 0;
		};
/* End PBXResourcesBuildPhase section */

/* Begin PBXSourcesBuildPhase section */
		012D98A82108F28F002EF9F3 /* Sources */ = {
			isa = PBXSourcesBuildPhase;
			buildActionMask = 2147483647;
			files = (
				012D98B42108F28F002EF9F3 /* DetailViewController.swift in Sources */,
				012D98B22108F28F002EF9F3 /* MasterViewController.swift in Sources */,
				012D98C42108F38B002EF9F3 /* GoogleAdView.swift in Sources */,
				012D98B02108F28F002EF9F3 /* AppDelegate.swift in Sources */,
			);
			runOnlyForDeploymentPostprocessing = 0;
		};
/* End PBXSourcesBuildPhase section */

/* Begin PBXVariantGroup section */
		012D98B52108F28F002EF9F3 /* Main.storyboard */ = {
			isa = PBXVariantGroup;
			children = (
				012D98B62108F28F002EF9F3 /* Base */,
			);
			name = Main.storyboard;
			sourceTree = "<group>";
		};
		012D98BA2108F290002EF9F3 /* LaunchScreen.storyboard */ = {
			isa = PBXVariantGroup;
			children = (
				012D98BB2108F290002EF9F3 /* Base */,
			);
			name = LaunchScreen.storyboard;
			sourceTree = "<group>";
		};
/* End PBXVariantGroup section */

/* Begin XCBuildConfiguration section */
		012D98BE2108F290002EF9F3 /* Debug */ = {
			isa = XCBuildConfiguration;
			buildSettings = {
				ALWAYS_SEARCH_USER_PATHS = NO;
				CLANG_ANALYZER_NONNULL = YES;
				CLANG_ANALYZER_NUMBER_OBJECT_CONVERSION = YES_AGGRESSIVE;
				CLANG_CXX_LANGUAGE_STANDARD = "gnu++14";
				CLANG_CXX_LIBRARY = "libc++";
				CLANG_ENABLE_MODULES = YES;
				CLANG_ENABLE_OBJC_ARC = YES;
				CLANG_ENABLE_OBJC_WEAK = YES;
				CLANG_WARN_BLOCK_CAPTURE_AUTORELEASING = YES;
				CLANG_WARN_BOOL_CONVERSION = YES;
				CLANG_WARN_COMMA = YES;
				CLANG_WARN_CONSTANT_CONVERSION = YES;
				CLANG_WARN_DEPRECATED_OBJC_IMPLEMENTATIONS = YES;
				CLANG_WARN_DIRECT_OBJC_ISA_USAGE = YES_ERROR;
				CLANG_WARN_DOCUMENTATION_COMMENTS = YES;
				CLANG_WARN_EMPTY_BODY = YES;
				CLANG_WARN_ENUM_CONVERSION = YES;
				CLANG_WARN_INFINITE_RECURSION = YES;
				CLANG_WARN_INT_CONVERSION = YES;
				CLANG_WARN_NON_LITERAL_NULL_CONVERSION = YES;
				CLANG_WARN_OBJC_IMPLICIT_RETAIN_SELF = YES;
				CLANG_WARN_OBJC_LITERAL_CONVERSION = YES;
				CLANG_WARN_OBJC_ROOT_CLASS = YES_ERROR;
				CLANG_WARN_RANGE_LOOP_ANALYSIS = YES;
				CLANG_WARN_STRICT_PROTOTYPES = YES;
				CLANG_WARN_SUSPICIOUS_MOVE = YES;
				CLANG_WARN_UNGUARDED_AVAILABILITY = YES_AGGRESSIVE;
				CLANG_WARN_UNREACHABLE_CODE = YES;
				CLANG_WARN__DUPLICATE_METHOD_MATCH = YES;
				CODE_SIGN_IDENTITY = "iPhone Developer";
				COPY_PHASE_STRIP = NO;
				DEBUG_INFORMATION_FORMAT = dwarf;
				ENABLE_STRICT_OBJC_MSGSEND = YES;
				ENABLE_TESTABILITY = YES;
				GCC_C_LANGUAGE_STANDARD = gnu11;
				GCC_DYNAMIC_NO_PIC = NO;
				GCC_NO_COMMON_BLOCKS = YES;
				GCC_OPTIMIZATION_LEVEL = 0;
				GCC_PREPROCESSOR_DEFINITIONS = (
					"DEBUG=1",
					"$(inherited)",
				);
				GCC_WARN_64_TO_32_BIT_CONVERSION = YES;
				GCC_WARN_ABOUT_RETURN_TYPE = YES_ERROR;
				GCC_WARN_UNDECLARED_SELECTOR = YES;
				GCC_WARN_UNINITIALIZED_AUTOS = YES_AGGRESSIVE;
				GCC_WARN_UNUSED_FUNCTION = YES;
				GCC_WARN_UNUSED_VARIABLE = YES;
				IPHONEOS_DEPLOYMENT_TARGET = 11.4;
				MTL_ENABLE_DEBUG_INFO = YES;
				ONLY_ACTIVE_ARCH = YES;
				SDKROOT = iphoneos;
				SWIFT_ACTIVE_COMPILATION_CONDITIONS = DEBUG;
				SWIFT_OPTIMIZATION_LEVEL = "-Onone";
			};
			name = Debug;
		};
		012D98BF2108F290002EF9F3 /* Release */ = {
			isa = XCBuildConfiguration;
			buildSettings = {
				ALWAYS_SEARCH_USER_PATHS = NO;
				CLANG_ANALYZER_NONNULL = YES;
				CLANG_ANALYZER_NUMBER_OBJECT_CONVERSION = YES_AGGRESSIVE;
				CLANG_CXX_LANGUAGE_STANDARD = "gnu++14";
				CLANG_CXX_LIBRARY = "libc++";
				CLANG_ENABLE_MODULES = YES;
				CLANG_ENABLE_OBJC_ARC = YES;
				CLANG_ENABLE_OBJC_WEAK = YES;
				CLANG_WARN_BLOCK_CAPTURE_AUTORELEASING = YES;
				CLANG_WARN_BOOL_CONVERSION = YES;
				CLANG_WARN_COMMA = YES;
				CLANG_WARN_CONSTANT_CONVERSION = YES;
				CLANG_WARN_DEPRECATED_OBJC_IMPLEMENTATIONS = YES;
				CLANG_WARN_DIRECT_OBJC_ISA_USAGE = YES_ERROR;
				CLANG_WARN_DOCUMENTATION_COMMENTS = YES;
				CLANG_WARN_EMPTY_BODY = YES;
				CLANG_WARN_ENUM_CONVERSION = YES;
				CLANG_WARN_INFINITE_RECURSION = YES;
				CLANG_WARN_INT_CONVERSION = YES;
				CLANG_WARN_NON_LITERAL_NULL_CONVERSION = YES;
				CLANG_WARN_OBJC_IMPLICIT_RETAIN_SELF = YES;
				CLANG_WARN_OBJC_LITERAL_CONVERSION = YES;
				CLANG_WARN_OBJC_ROOT_CLASS = YES_ERROR;
				CLANG_WARN_RANGE_LOOP_ANALYSIS = YES;
				CLANG_WARN_STRICT_PROTOTYPES = YES;
				CLANG_WARN_SUSPICIOUS_MOVE = YES;
				CLANG_WARN_UNGUARDED_AVAILABILITY = YES_AGGRESSIVE;
				CLANG_WARN_UNREACHABLE_CODE = YES;
				CLANG_WARN__DUPLICATE_METHOD_MATCH = YES;
				CODE_SIGN_IDENTITY = "iPhone Developer";
				COPY_PHASE_STRIP = NO;
				DEBUG_INFORMATION_FORMAT = "dwarf-with-dsym";
				ENABLE_NS_ASSERTIONS = NO;
				ENABLE_STRICT_OBJC_MSGSEND = YES;
				GCC_C_LANGUAGE_STANDARD = gnu11;
				GCC_NO_COMMON_BLOCKS = YES;
				GCC_WARN_64_TO_32_BIT_CONVERSION = YES;
				GCC_WARN_ABOUT_RETURN_TYPE = YES_ERROR;
				GCC_WARN_UNDECLARED_SELECTOR = YES;
				GCC_WARN_UNINITIALIZED_AUTOS = YES_AGGRESSIVE;
				GCC_WARN_UNUSED_FUNCTION = YES;
				GCC_WARN_UNUSED_VARIABLE = YES;
				IPHONEOS_DEPLOYMENT_TARGET = 11.4;
				MTL_ENABLE_DEBUG_INFO = NO;
				SDKROOT = iphoneos;
				SWIFT_COMPILATION_MODE = wholemodule;
				SWIFT_OPTIMIZATION_LEVEL = "-O";
				VALIDATE_PRODUCT = YES;
			};
			name = Release;
		};
		012D98C12108F290002EF9F3 /* Debug */ = {
			isa = XCBuildConfiguration;
			buildSettings = {
				ASSETCATALOG_COMPILER_APPICON_NAME = AppIcon;
				CODE_SIGN_STYLE = Automatic;
				DEVELOPMENT_TEAM = 25AS4BUNSX;
				FRAMEWORK_SEARCH_PATHS = (
					"$(inherited)",
					"$(PROJECT_DIR)/GoogleAdsDemo/GoogleMobileAdsSdkiOS-7.31.0",
				);
				INFOPLIST_FILE = GoogleAdsDemo/Info.plist;
				LD_RUNPATH_SEARCH_PATHS = (
					"$(inherited)",
					"@executable_path/Frameworks",
				);
				PRODUCT_BUNDLE_IDENTIFIER = com.AnitaAgrawal.GoogleAdsDemo;
				PRODUCT_NAME = "$(TARGET_NAME)";
				SWIFT_VERSION = 4.0;
				TARGETED_DEVICE_FAMILY = "1,2";
			};
			name = Debug;
		};
		012D98C22108F290002EF9F3 /* Release */ = {
			isa = XCBuildConfiguration;
			buildSettings = {
				ASSETCATALOG_COMPILER_APPICON_NAME = AppIcon;
				CODE_SIGN_STYLE = Automatic;
				DEVELOPMENT_TEAM = 25AS4BUNSX;
				FRAMEWORK_SEARCH_PATHS = (
					"$(inherited)",
					"$(PROJECT_DIR)/GoogleAdsDemo/GoogleMobileAdsSdkiOS-7.31.0",
				);
				INFOPLIST_FILE = GoogleAdsDemo/Info.plist;
				LD_RUNPATH_SEARCH_PATHS = (
					"$(inherited)",
					"@executable_path/Frameworks",
				);
				PRODUCT_BUNDLE_IDENTIFIER = com.AnitaAgrawal.GoogleAdsDemo;
				PRODUCT_NAME = "$(TARGET_NAME)";
				SWIFT_VERSION = 4.0;
				TARGETED_DEVICE_FAMILY = "1,2";
			};
			name = Release;
		};
/* End XCBuildConfiguration section */

/* Begin XCConfigurationList section */
		012D98A72108F28F002EF9F3 /* Build configuration list for PBXProject "GoogleAdsDemo" */ = {
			isa = XCConfigurationList;
			buildConfigurations = (
				012D98BE2108F290002EF9F3 /* Debug */,
				012D98BF2108F290002EF9F3 /* Release */,
			);
			defaultConfigurationIsVisible = 0;
			defaultConfigurationName = Release;
		};
		012D98C02108F290002EF9F3 /* Build configuration list for PBXNativeTarget "GoogleAdsDemo" */ = {
			isa = XCConfigurationList;
			buildConfigurations = (
				012D98C12108F290002EF9F3 /* Debug */,
				012D98C22108F290002EF9F3 /* Release */,
			);
			defaultConfigurationIsVisible = 0;
			defaultConfigurationName = Release;
		};
/* End XCConfigurationList section */
	};
	rootObject = 012D98A42108F28F002EF9F3 /* Project object */;
}
